id: cso-toolkit-54-mode-lock
title: "cso-toolkit#54: dw_save reviewer-mode mode-lock can miss cloud-synced shared paths"
sector: hva
severity: HIGH
status: TODO
owner: "cso-toolkit maintainers"
created_at: "2026-05-30"
due_at: null
blocker_for_dbm: "Reviewer-mode replay can overwrite a producer output when the shared path is cloud-synced; affects HVA and ED."
description: "Reviewer-mode replay overwrote a producer output because dw_save mode-lock did not engage on a cloud-synced shared path (the path classifier was bypassed). Any sector writing to such a path is at risk. Tracked at cso-toolkit#54 (HIGH, v0.4.6 milestone)."
references:
  - "replication_hva_latest.json: toolkit_findings"
  - "replication_ed_latest.json: toolkit_findings"
